// !$*UTF8*$!
{
	archiveVersion = 1;
	classes = {
	};
	objectVersion = 56;
	objects = {

/* Begin PBXBuildFile section */
		A28718D52A3A16190076266C /* RickAndMortyApp.swift in Sources */ = {isa = PBXBuildFile; fileRef = A28718D42A3A16190076266C /* RickAndMortyApp.swift */; };
		A28718D72A3A16190076266C /* ContentView.swift in Sources */ = {isa = PBXBuildFile; fileRef = A28718D62A3A16190076266C /* ContentView.swift */; };
		A28718D92A3A161A0076266C /* Assets.xcassets in Resources */ = {isa = PBXBuildFile; fileRef = A28718D82A3A161A0076266C /* Assets.xcassets */; };
		A28718DC2A3A161A0076266C /* Preview Assets.xcassets in Resources */ = {isa = PBXBuildFile; fileRef = A28718DB2A3A161A0076266C /* Preview Assets.xcassets */; };
		A28718DE2A3A161A0076266C /* Persistence.swift in Sources */ = {isa = PBXBuildFile; fileRef = A28718DD2A3A161A0076266C /* Persistence.swift */; };
		A28718E12A3A161A0076266C /* RickAndMorty.xcdatamodeld in Sources */ = {isa = PBXBuildFile; fileRef = A28718DF2A3A161A0076266C /* RickAndMorty.xcdatamodeld */; };
		A28718E92A3A16550076266C /* HomeView.swift in Sources */ = {isa = PBXBuildFile; fileRef = A28718E82A3A16550076266C /* HomeView.swift */; };
		A28718EC2A3A172E0076266C /* Character.swift in Sources */ = {isa = PBXBuildFile; fileRef = A28718EB2A3A172E0076266C /* Character.swift */; };
		A28718EF2A3A1AD60076266C /* CharactersListViewModel.swift in Sources */ = {isa = PBXBuildFile; fileRef = A28718EE2A3A1AD60076266C /* CharactersListViewModel.swift */; };
		A28718F12A3A1D8F0076266C /* CharactersListView.swift in Sources */ = {isa = PBXBuildFile; fileRef = A28718F02A3A1D8F0076266C /* CharactersListView.swift */; };
		A28718F42A3A1DBF0076266C /* URLImage.swift in Sources */ = {isa = PBXBuildFile; fileRef = A28718F32A3A1DBF0076266C /* URLImage.swift */; };
		A28718F82A3A23A40076266C /* SingleCharacterViewModel.swift in Sources */ = {isa = PBXBuildFile; fileRef = A28718F72A3A23A40076266C /* SingleCharacterViewModel.swift */; };
		A2BF896A2A3A55A8002E575D /* SingleCharacterView.swift in Sources */ = {isa = PBXBuildFile; fileRef = A2BF89692A3A55A8002E575D /* SingleCharacterView.swift */; };
		A2BF896C2A3A56B3002E575D /* CharacterListItem.swift in Sources */ = {isa = PBXBuildFile; fileRef = A2BF896B2A3A56B3002E575D /* CharacterListItem.swift */; };
		A2BF896F2A3A5ABE002E575D /* EpisodesListView.swift in Sources */ = {isa = PBXBuildFile; fileRef = A2BF896E2A3A5ABE002E575D /* EpisodesListView.swift */; };
		A2BF89712A3A5CD5002E575D /* Episode.swift in Sources */ = {isa = PBXBuildFile; fileRef = A2BF89702A3A5CD5002E575D /* Episode.swift */; };
		A2BF89732A3A5DAB002E575D /* Result.swift in Sources */ = {isa = PBXBuildFile; fileRef = A2BF89722A3A5DAB002E575D /* Result.swift */; };
		A2BF89752A3A5DEA002E575D /* EpisodeViewModel.swift in Sources */ = {isa = PBXBuildFile; fileRef = A2BF89742A3A5DEA002E575D /* EpisodeViewModel.swift */; };
		A2BF89772A3A6030002E575D /* EpisodeListItemView.swift in Sources */ = {isa = PBXBuildFile; fileRef = A2BF89762A3A6030002E575D /* EpisodeListItemView.swift */; };
		A2BF89792A3A6130002E575D /* SingleEpisodeView.swift in Sources */ = {isa = PBXBuildFile; fileRef = A2BF89782A3A6130002E575D /* SingleEpisodeView.swift */; };
/* End PBXBuildFile section */

/* Begin PBXFileReference section */
		A28718D12A3A16190076266C /* RickAndMorty.app */ = {isa = PBXFileReference; explicitFileType = wrapper.application; includeInIndex = 0; path = RickAndMorty.app; sourceTree = BUILT_PRODUCTS_DIR; };
		A28718D42A3A16190076266C /* RickAndMortyApp.swift */ = {isa = PBXFileReference; lastKnownFileType = sourcecode.swift; path = RickAndMortyApp.swift; sourceTree = "<group>"; };
		A28718D62A3A16190076266C /* ContentView.swift */ = {isa = PBXFileReference; lastKnownFileType = sourcecode.swift; path = ContentView.swift; sourceTree = "<group>"; };
		A28718D82A3A161A0076266C /* Assets.xcassets */ = {isa = PBXFileReference; lastKnownFileType = folder.assetcatalog; path = Assets.xcassets; sourceTree = "<group>"; };
		A28718DB2A3A161A0076266C /* Preview Assets.xcassets */ = {isa = PBXFileReference; lastKnownFileType = folder.assetcatalog; path = "Preview Assets.xcassets"; sourceTree = "<group>"; };
		A28718DD2A3A161A0076266C /* Persistence.swift */ = {isa = PBXFileReference; lastKnownFileType = sourcecode.swift; path = Persistence.swift; sourceTree = "<group>"; };
		A28718E02A3A161A0076266C /* RickAndMorty.xcdatamodel */ = {isa = PBXFileReference; lastKnownFileType = wrapper.xcdatamodel; path = RickAndMorty.xcdatamodel; sourceTree = "<group>"; };
		A28718E82A3A16550076266C /* HomeView.swift */ = {isa = PBXFileReference; lastKnownFileType = sourcecode.swift; path = HomeView.swift; sourceTree = "<group>"; };
		A28718EB2A3A172E0076266C /* Character.swift */ = {isa = PBXFileReference; lastKnownFileType = sourcecode.swift; path = Character.swift; sourceTree = "<group>"; };
		A28718EE2A3A1AD60076266C /* CharactersListViewModel.swift */ = {isa = PBXFileReference; lastKnownFileType = sourcecode.swift; path = CharactersListViewModel.swift; sourceTree = "<group>"; };
		A28718F02A3A1D8F0076266C /* CharactersListView.swift */ = {isa = PBXFileReference; lastKnownFileType = sourcecode.swift; path = CharactersListView.swift; sourceTree = "<group>"; };
		A28718F32A3A1DBF0076266C /* URLImage.swift */ = {isa = PBXFileReference; lastKnownFileType = sourcecode.swift; path = URLImage.swift; sourceTree = "<group>"; };
		A28718F72A3A23A40076266C /* SingleCharacterViewModel.swift */ = {isa = PBXFileReference; lastKnownFileType = sourcecode.swift; path = SingleCharacterViewModel.swift; sourceTree = "<group>"; };
		A2BF89692A3A55A8002E575D /* SingleCharacterView.swift */ = {isa = PBXFileReference; lastKnownFileType = sourcecode.swift; path = SingleCharacterView.swift; sourceTree = "<group>"; };
		A2BF896B2A3A56B3002E575D /* CharacterListItem.swift */ = {isa = PBXFileReference; lastKnownFileType = sourcecode.swift; path = CharacterListItem.swift; sourceTree = "<group>"; };
		A2BF896E2A3A5ABE002E575D /* EpisodesListView.swift */ = {isa = PBXFileReference; lastKnownFileType = sourcecode.swift; path = EpisodesListView.swift; sourceTree = "<group>"; };
		A2BF89702A3A5CD5002E575D /* Episode.swift */ = {isa = PBXFileReference; lastKnownFileType = sourcecode.swift; path = Episode.swift; sourceTree = "<group>"; };
		A2BF89722A3A5DAB002E575D /* Result.swift */ = {isa = PBXFileReference; lastKnownFileType = sourcecode.swift; path = Result.swift; sourceTree = "<group>"; };
		A2BF89742A3A5DEA002E575D /* EpisodeViewModel.swift */ = {isa = PBXFileReference; lastKnownFileType = sourcecode.swift; path = EpisodeViewModel.swift; sourceTree = "<group>"; };
		A2BF89762A3A6030002E575D /* EpisodeListItemView.swift */ = {isa = PBXFileReference; lastKnownFileType = sourcecode.swift; path = EpisodeListItemView.swift; sourceTree = "<group>"; };
		A2BF89782A3A6130002E575D /* SingleEpisodeView.swift */ = {isa = PBXFileReference; lastKnownFileType = sourcecode.swift; path = SingleEpisodeView.swift; sourceTree = "<group>"; };
/* End PBXFileReference section */

/* Begin PBXFrameworksBuildPhase section */
		A28718CE2A3A16190076266C /* Frameworks */ = {
			isa = PBXFrameworksBuildPhase;
			buildActionMask = 2147483647;
			files = (
			);
			runOnlyForDeploymentPostprocessing = 0;
		};
/* End PBXFrameworksBuildPhase section */

/* Begin PBXGroup section */
		A28718C82A3A16190076266C = {
			isa = PBXGroup;
			children = (
				A28718D32A3A16190076266C /* RickAndMorty */,
				A28718D22A3A16190076266C /* Products */,
			);
			sourceTree = "<group>";
		};
		A28718D22A3A16190076266C /* Products */ = {
			isa = PBXGroup;
			children = (
				A28718D12A3A16190076266C /* RickAndMorty.app */,
			);
			name = Products;
			sourceTree = "<group>";
		};
		A28718D32A3A16190076266C /* RickAndMorty */ = {
			isa = PBXGroup;
			children = (
				A28718EA2A3A17140076266C /* Models */,
				A28718E72A3A16410076266C /* Home */,
				A28718D42A3A16190076266C /* RickAndMortyApp.swift */,
				A28718D62A3A16190076266C /* ContentView.swift */,
				A28718D82A3A161A0076266C /* Assets.xcassets */,
				A28718DD2A3A161A0076266C /* Persistence.swift */,
				A28718DF2A3A161A0076266C /* RickAndMorty.xcdatamodeld */,
				A28718DA2A3A161A0076266C /* Preview Content */,
			);
			path = RickAndMorty;
			sourceTree = "<group>";
		};
		A28718DA2A3A161A0076266C /* Preview Content */ = {
			isa = PBXGroup;
			children = (
				A28718DB2A3A161A0076266C /* Preview Assets.xcassets */,
			);
			path = "Preview Content";
			sourceTree = "<group>";
		};
		A28718E72A3A16410076266C /* Home */ = {
			isa = PBXGroup;
			children = (
				A2BF896D2A3A5A96002E575D /* Episodes */,
				A28718F22A3A1DA30076266C /* SharedViews */,
				A28718ED2A3A1ABB0076266C /* Character */,
				A28718E82A3A16550076266C /* HomeView.swift */,
			);
			path = Home;
			sourceTree = "<group>";
		};
		A28718EA2A3A17140076266C /* Models */ = {
			isa = PBXGroup;
			children = (
				A28718EB2A3A172E0076266C /* Character.swift */,
				A2BF89702A3A5CD5002E575D /* Episode.swift */,
				A2BF89722A3A5DAB002E575D /* Result.swift */,
			);
			path = Models;
			sourceTree = "<group>";
		};
		A28718ED2A3A1ABB0076266C /* Character */ = {
			isa = PBXGroup;
			children = (
				A28718F62A3A235D0076266C /* SingleCharacter */,
				A28718F52A3A233C0076266C /* CharacterList */,
			);
			path = Character;
			sourceTree = "<group>";
		};
		A28718F22A3A1DA30076266C /* SharedViews */ = {
			isa = PBXGroup;
			children = (
				A28718F32A3A1DBF0076266C /* URLImage.swift */,
			);
			path = SharedViews;
			sourceTree = "<group>";
		};
		A28718F52A3A233C0076266C /* CharacterList */ = {
			isa = PBXGroup;
			children = (
				A28718EE2A3A1AD60076266C /* CharactersListViewModel.swift */,
				A28718F02A3A1D8F0076266C /* CharactersListView.swift */,
				A2BF896B2A3A56B3002E575D /* CharacterListItem.swift */,
			);
			path = CharacterList;
			sourceTree = "<group>";
		};
		A28718F62A3A235D0076266C /* SingleCharacter */ = {
			isa = PBXGroup;
			children = (
				A28718F72A3A23A40076266C /* SingleCharacterViewModel.swift */,
				A2BF89692A3A55A8002E575D /* SingleCharacterView.swift */,
			);
			path = SingleCharacter;
			sourceTree = "<group>";
		};
		A2BF896D2A3A5A96002E575D /* Episodes */ = {
			isa = PBXGroup;
			children = (
				A2BF896E2A3A5ABE002E575D /* EpisodesListView.swift */,
				A2BF89742A3A5DEA002E575D /* EpisodeViewModel.swift */,
				A2BF89762A3A6030002E575D /* EpisodeListItemView.swift */,
				A2BF89782A3A6130002E575D /* SingleEpisodeView.swift */,
			);
			path = Episodes;
			sourceTree = "<group>";
		};
/* End PBXGroup section */

/* Begin PBXNativeTarget section */
		A28718D02A3A16190076266C /* RickAndMorty */ = {
			isa = PBXNativeTarget;
			buildConfigurationList = A28718E42A3A161A0076266C /* Build configuration list for PBXNativeTarget "RickAndMorty" */;
			buildPhases = (
				A28718CD2A3A16190076266C /* Sources */,
				A28718CE2A3A16190076266C /* Frameworks */,
				A28718CF2A3A16190076266C /* Resources */,
			);
			buildRules = (
			);
			dependencies = (
			);
			name = RickAndMorty;
			productName = RickAndMorty;
			productReference = A28718D12A3A16190076266C /* RickAndMorty.app */;
			productType = "com.apple.product-type.application";
		};
/* End PBXNativeTarget section */

/* Begin PBXProject section */
		A28718C92A3A16190076266C /* Project object */ = {
			isa = PBXProject;
			attributes = {
				BuildIndependentTargetsInParallel = 1;
				LastSwiftUpdateCheck = 1430;
				LastUpgradeCheck = 1430;
				TargetAttributes = {
					A28718D02A3A16190076266C = {
						CreatedOnToolsVersion = 14.3.1;
					};
				};
			};
			buildConfigurationList = A28718CC2A3A16190076266C /* Build configuration list for PBXProject "RickAndMorty" */;
			compatibilityVersion = "Xcode 14.0";
			developmentRegion = en;
			hasScannedForEncodings = 0;
			knownRegions = (
				en,
				Base,
			);
			mainGroup = A28718C82A3A16190076266C;
			productRefGroup = A28718D22A3A16190076266C /* Products */;
			projectDirPath = "";
			projectRoot = "";
			targets = (
				A28718D02A3A16190076266C /* RickAndMorty */,
			);
		};
/* End PBXProject section */

/* Begin PBXResourcesBuildPhase section */
		A28718CF2A3A16190076266C /* Resources */ = {
			isa = PBXResourcesBuildPhase;
			buildActionMask = 2147483647;
			files = (
				A28718DC2A3A161A0076266C /* Preview Assets.xcassets in Resources */,
				A28718D92A3A161A0076266C /* Assets.xcassets in Resources */,
			);
			runOnlyForDeploymentPostprocessing = 0;
		};
/* End PBXResourcesBuildPhase section */

/* Begin PBXSourcesBuildPhase section */
		A28718CD2A3A16190076266C /* Sources */ = {
			isa = PBXSourcesBuildPhase;
			buildActionMask = 2147483647;
			files = (
				A2BF89792A3A6130002E575D /* SingleEpisodeView.swift in Sources */,
				A28718E12A3A161A0076266C /* RickAndMorty.xcdatamodeld in Sources */,
				A2BF89772A3A6030002E575D /* EpisodeListItemView.swift in Sources */,
				A28718F42A3A1DBF0076266C /* URLImage.swift in Sources */,
				A2BF896C2A3A56B3002E575D /* CharacterListItem.swift in Sources */,
				A28718DE2A3A161A0076266C /* Persistence.swift in Sources */,
				A28718F12A3A1D8F0076266C /* CharactersListView.swift in Sources */,
				A2BF896F2A3A5ABE002E575D /* EpisodesListView.swift in Sources */,
				A2BF89752A3A5DEA002E575D /* EpisodeViewModel.swift in Sources */,
				A2BF89732A3A5DAB002E575D /* Result.swift in Sources */,
				A28718EF2A3A1AD60076266C /* CharactersListViewModel.swift in Sources */,
				A2BF896A2A3A55A8002E575D /* SingleCharacterView.swift in Sources */,
				A28718D72A3A16190076266C /* ContentView.swift in Sources */,
				A2BF89712A3A5CD5002E575D /* Episode.swift in Sources */,
				A28718EC2A3A172E0076266C /* Character.swift in Sources */,
				A28718E92A3A16550076266C /* HomeView.swift in Sources */,
				A28718F82A3A23A40076266C /* SingleCharacterViewModel.swift in Sources */,
				A28718D52A3A16190076266C /* RickAndMortyApp.swift in Sources */,
			);
			runOnlyForDeploymentPostprocessing = 0;
		};
/* End PBXSourcesBuildPhase section */

/* Begin XCBuildConfiguration section */
		A28718E22A3A161A0076266C /* Debug */ = {
			isa = XCBuildConfiguration;
			buildSettings = {
				ALWAYS_SEARCH_USER_PATHS = NO;
				CLANG_ANALYZER_NONNULL = YES;
				CLANG_ANALYZER_NUMBER_OBJECT_CONVERSION = YES_AGGRESSIVE;
				CLANG_CXX_LANGUAGE_STANDARD = "gnu++20";
				CLANG_ENABLE_MODULES = YES;
				CLANG_ENABLE_OBJC_ARC = YES;
				CLANG_ENABLE_OBJC_WEAK = YES;
				CLANG_WARN_BLOCK_CAPTURE_AUTORELEASING = YES;
				CLANG_WARN_BOOL_CONVERSION = YES;
				CLANG_WARN_COMMA = YES;
				CLANG_WARN_CONSTANT_CONVERSION = YES;
				CLANG_WARN_DEPRECATED_OBJC_IMPLEMENTATIONS = YES;
				CLANG_WARN_DIRECT_OBJC_ISA_USAGE = YES_ERROR;
				CLANG_WARN_DOCUMENTATION_COMMENTS = YES;
				CLANG_WARN_EMPTY_BODY = YES;
				CLANG_WARN_ENUM_CONVERSION = YES;
				CLANG_WARN_INFINITE_RECURSION = YES;
				CLANG_WARN_INT_CONVERSION = YES;
				CLANG_WARN_NON_LITERAL_NULL_CONVERSION = YES;
				CLANG_WARN_OBJC_IMPLICIT_RETAIN_SELF = YES;
				CLANG_WARN_OBJC_LITERAL_CONVERSION = YES;
				CLANG_WARN_OBJC_ROOT_CLASS = YES_ERROR;
				CLANG_WARN_QUOTED_INCLUDE_IN_FRAMEWORK_HEADER = YES;
				CLANG_WARN_RANGE_LOOP_ANALYSIS = YES;
				CLANG_WARN_STRICT_PROTOTYPES = YES;
				CLANG_WARN_SUSPICIOUS_MOVE = YES;
				CLANG_WARN_UNGUARDED_AVAILABILITY = YES_AGGRESSIVE;
				CLANG_WARN_UNREACHABLE_CODE = YES;
				CLANG_WARN__DUPLICATE_METHOD_MATCH = YES;
				COPY_PHASE_STRIP = NO;
				DEBUG_INFORMATION_FORMAT = dwarf;
				ENABLE_STRICT_OBJC_MSGSEND = YES;
				ENABLE_TESTABILITY = YES;
				GCC_C_LANGUAGE_STANDARD = gnu11;
				GCC_DYNAMIC_NO_PIC = NO;
				GCC_NO_COMMON_BLOCKS = YES;
				GCC_OPTIMIZATION_LEVEL = 0;
				GCC_PREPROCESSOR_DEFINITIONS = (
					"DEBUG=1",
					"$(inherited)",
				);
				GCC_WARN_64_TO_32_BIT_CONVERSION = YES;
				GCC_WARN_ABOUT_RETURN_TYPE = YES_ERROR;
				GCC_WARN_UNDECLARED_SELECTOR = YES;
				GCC_WARN_UNINITIALIZED_AUTOS = YES_AGGRESSIVE;
				GCC_WARN_UNUSED_FUNCTION = YES;
				GCC_WARN_UNUSED_VARIABLE = YES;
				IPHONEOS_DEPLOYMENT_TARGET = 16.4;
				MTL_ENABLE_DEBUG_INFO = INCLUDE_SOURCE;
				MTL_FAST_MATH = YES;
				ONLY_ACTIVE_ARCH = YES;
				SDKROOT = iphoneos;
				SWIFT_ACTIVE_COMPILATION_CONDITIONS = DEBUG;
				SWIFT_OPTIMIZATION_LEVEL = "-Onone";
			};
			name = Debug;
		};
		A28718E32A3A161A0076266C /* Release */ = {
			isa = XCBuildConfiguration;
			buildSettings = {
				ALWAYS_SEARCH_USER_PATHS = NO;
				CLANG_ANALYZER_NONNULL = YES;
				CLANG_ANALYZER_NUMBER_OBJECT_CONVERSION = YES_AGGRESSIVE;
				CLANG_CXX_LANGUAGE_STANDARD = "gnu++20";
				CLANG_ENABLE_MODULES = YES;
				CLANG_ENABLE_OBJC_ARC = YES;
				CLANG_ENABLE_OBJC_WEAK = YES;
				CLANG_WARN_BLOCK_CAPTURE_AUTORELEASING = YES;
				CLANG_WARN_BOOL_CONVERSION = YES;
				CLANG_WARN_COMMA = YES;
				CLANG_WARN_CONSTANT_CONVERSION = YES;
				CLANG_WARN_DEPRECATED_OBJC_IMPLEMENTATIONS = YES;
				CLANG_WARN_DIRECT_OBJC_ISA_USAGE = YES_ERROR;
				CLANG_WARN_DOCUMENTATION_COMMENTS = YES;
				CLANG_WARN_EMPTY_BODY = YES;
				CLANG_WARN_ENUM_CONVERSION = YES;
				CLANG_WARN_INFINITE_RECURSION = YES;
				CLANG_WARN_INT_CONVERSION = YES;
				CLANG_WARN_NON_LITERAL_NULL_CONVERSION = YES;
				CLANG_WARN_OBJC_IMPLICIT_RETAIN_SELF = YES;
				CLANG_WARN_OBJC_LITERAL_CONVERSION = YES;
				CLANG_WARN_OBJC_ROOT_CLASS = YES_ERROR;
				CLANG_WARN_QUOTED_INCLUDE_IN_FRAMEWORK_HEADER = YES;
				CLANG_WARN_RANGE_LOOP_ANALYSIS = YES;
				CLANG_WARN_STRICT_PROTOTYPES = YES;
				CLANG_WARN_SUSPICIOUS_MOVE = YES;
				CLANG_WARN_UNGUARDED_AVAILABILITY = YES_AGGRESSIVE;
				CLANG_WARN_UNREACHABLE_CODE = YES;
				CLANG_WARN__DUPLICATE_METHOD_MATCH = YES;
				COPY_PHASE_STRIP = NO;
				DEBUG_INFORMATION_FORMAT = "dwarf-with-dsym";
				ENABLE_NS_ASSERTIONS = NO;
				ENABLE_STRICT_OBJC_MSGSEND = YES;
				GCC_C_LANGUAGE_STANDARD = gnu11;
				GCC_NO_COMMON_BLOCKS = YES;
				GCC_WARN_64_TO_32_BIT_CONVERSION = YES;
				GCC_WARN_ABOUT_RETURN_TYPE = YES_ERROR;
				GCC_WARN_UNDECLARED_SELECTOR = YES;
				GCC_WARN_UNINITIALIZED_AUTOS = YES_AGGRESSIVE;
				GCC_WARN_UNUSED_FUNCTION = YES;
				GCC_WARN_UNUSED_VARIABLE = YES;
				IPHONEOS_DEPLOYMENT_TARGET = 16.4;
				MTL_ENABLE_DEBUG_INFO = NO;
				MTL_FAST_MATH = YES;
				SDKROOT = iphoneos;
				SWIFT_COMPILATION_MODE = wholemodule;
				SWIFT_OPTIMIZATION_LEVEL = "-O";
				VALIDATE_PRODUCT = YES;
			};
			name = Release;
		};
		A28718E52A3A161A0076266C /* Debug */ = {
			isa = XCBuildConfiguration;
			buildSettings = {
				ASSETCATALOG_COMPILER_APPICON_NAME = AppIcon;
				ASSETCATALOG_COMPILER_GLOBAL_ACCENT_COLOR_NAME = AccentColor;
				CODE_SIGN_STYLE = Automatic;
				CURRENT_PROJECT_VERSION = 1;
				DEVELOPMENT_ASSET_PATHS = "\"RickAndMorty/Preview Content\"";
				DEVELOPMENT_TEAM = UGM86HHLZR;
				ENABLE_PREVIEWS = YES;
				GENERATE_INFOPLIST_FILE = YES;
				INFOPLIST_KEY_UIApplicationSceneManifest_Generation = YES;
				INFOPLIST_KEY_UIApplicationSupportsIndirectInputEvents = YES;
				INFOPLIST_KEY_UILaunchScreen_Generation = YES;
				INFOPLIST_KEY_UISupportedInterfaceOrientations_iPad = "UIInterfaceOrientationPortrait UIInterfaceOrientationPortraitUpsideDown UIInterfaceOrientationLandscapeLeft UIInterfaceOrientationLandscapeRight";
				INFOPLIST_KEY_UISupportedInterfaceOrientations_iPhone = "UIInterfaceOrientationPortrait UIInterfaceOrientationLandscapeLeft UIInterfaceOrientationLandscapeRight";
				LD_RUNPATH_SEARCH_PATHS = (
					"$(inherited)",
					"@executable_path/Frameworks",
				);
				MARKETING_VERSION = 1.0;
				PRODUCT_BUNDLE_IDENTIFIER = vercetti.com.RickAndMorty;
				PRODUCT_NAME = "$(TARGET_NAME)";
				SWIFT_EMIT_LOC_STRINGS = YES;
				SWIFT_VERSION = 5.0;
				TARGETED_DEVICE_FAMILY = "1,2";
			};
			name = Debug;
		};
		A28718E62A3A161A0076266C /* Release */ = {
			isa = XCBuildConfiguration;
			buildSettings = {
				ASSETCATALOG_COMPILER_APPICON_NAME = AppIcon;
				ASSETCATALOG_COMPILER_GLOBAL_ACCENT_COLOR_NAME = AccentColor;
				CODE_SIGN_STYLE = Automatic;
				CURRENT_PROJECT_VERSION = 1;
				DEVELOPMENT_ASSET_PATHS = "\"RickAndMorty/Preview Content\"";
				DEVELOPMENT_TEAM = UGM86HHLZR;
				ENABLE_PREVIEWS = YES;
				GENERATE_INFOPLIST_FILE = YES;
				INFOPLIST_KEY_UIApplicationSceneManifest_Generation = YES;
				INFOPLIST_KEY_UIApplicationSupportsIndirectInputEvents = YES;
				INFOPLIST_KEY_UILaunchScreen_Generation = YES;
				INFOPLIST_KEY_UISupportedInterfaceOrientations_iPad = "UIInterfaceOrientationPortrait UIInterfaceOrientationPortraitUpsideDown UIInterfaceOrientationLandscapeLeft UIInterfaceOrientationLandscapeRight";
				INFOPLIST_KEY_UISupportedInterfaceOrientations_iPhone = "UIInterfaceOrientationPortrait UIInterfaceOrientationLandscapeLeft UIInterfaceOrientationLandscapeRight";
				LD_RUNPATH_SEARCH_PATHS = (
					"$(inherited)",
					"@executable_path/Frameworks",
				);
				MARKETING_VERSION = 1.0;
				PRODUCT_BUNDLE_IDENTIFIER = vercetti.com.RickAndMorty;
				PRODUCT_NAME = "$(TARGET_NAME)";
				SWIFT_EMIT_LOC_STRINGS = YES;
				SWIFT_VERSION = 5.0;
				TARGETED_DEVICE_FAMILY = "1,2";
			};
			name = Release;
		};
/* End XCBuildConfiguration section */

/* Begin XCConfigurationList section */
		A28718CC2A3A16190076266C /* Build configuration list for PBXProject "RickAndMorty" */ = {
			isa = XCConfigurationList;
			buildConfigurations = (
				A28718E22A3A161A0076266C /* Debug */,
				A28718E32A3A161A0076266C /* Release */,
			);
			defaultConfigurationIsVisible = 0;
			defaultConfigurationName = Release;
		};
		A28718E42A3A161A0076266C /* Build configuration list for PBXNativeTarget "RickAndMorty" */ = {
			isa = XCConfigurationList;
			buildConfigurations = (
				A28718E52A3A161A0076266C /* Debug */,
				A28718E62A3A161A0076266C /* Release */,
			);
			defaultConfigurationIsVisible = 0;
			defaultConfigurationName = Release;
		};
/* End XCConfigurationList section */

/* Begin XCVersionGroup section */
		A28718DF2A3A161A0076266C /* RickAndMorty.xcdatamodeld */ = {
			isa = XCVersionGroup;
			children = (
				A28718E02A3A161A0076266C /* RickAndMorty.xcdatamodel */,
			);
			currentVersion = A28718E02A3A161A0076266C /* RickAndMorty.xcdatamodel */;
			path = RickAndMorty.xcdatamodeld;
			sourceTree = "<group>";
			versionGroupType = wrapper.xcdatamodel;
		};
/* End XCVersionGroup section */
	};
	rootObject = A28718C92A3A16190076266C /* Project object */;
}
